
Microsoft Visual Studio Solution File, Format Version 12.00
# Visual Studio Version 17
VisualStudioVersion = 17.1.32210.238
MinimumVisualStudioVersion = 10.0.40219.1
Project("{FAE04EC0-301F-11D3-BF4B-00C04F79EFBC}") = "modul4_1302204082", "modul4_1302204082\modul4_1302204082.csproj", "{71A7DFE2-6294-46EC-87F5-C648FE1355FA}"
EndProject
Global
	GlobalSection(SolutionConfigurationPlatforms) = preSolution
		Debug|Any CPU = Debug|Any CPU
		Release|Any CPU = Release|Any CPU
	EndGlobalSection
	GlobalSection(ProjectConfigurationPlatforms) = postSolution
		{71A7DFE2-6294-46EC-87F5-C648FE1355FA}.Debug|Any CPU.ActiveCfg = Debug|Any CPU
		{71A7DFE2-6294-46EC-87F5-C648FE1355FA}.Debug|Any CPU.Build.0 = Debug|Any CPU
		{71A7DFE2-6294-46EC-87F5-C648FE1355FA}.Release|Any CPU.ActiveCfg = Release|Any CPU
		{71A7DFE2-6294-46EC-87F5-C648FE1355FA}.Release|Any CPU.Build.0 = Release|Any CPU
	EndGlobalSection
	GlobalSection(SolutionProperties) = preSolution
		HideSolutionNode = FALSE
	EndGlobalSection
	GlobalSection(ExtensibilityGlobals) = postSolution
		SolutionGuid = {A0B1B5E0-84DB-4AEF-8A6D-9726C5CEA99C}
	EndGlobalSection
EndGlobal
